
Microsoft Visual Studio Solution File, Format Version 12.00
# Visual Studio Version 17
VisualStudioVersion = 17.0.31903.59
MinimumVisualStudioVersion = 10.0.40219.1
Project("{2150E333-8FDC-42A3-9474-1A3956D46DE8}") = "Application", "Application", "{290DFB35-CC8E-4CD2-9979-F4810742508E}"
EndProject
Project("{FAE04EC0-301F-11D3-BF4B-00C04F79EFBC}") = "OfficesAPI.Application", "Backend\OfficesAPI\Application\OfficesAPI.Application.csproj", "{DC81D6B8-3C4E-446D-93A2-CAB14A4024E5}"
EndProject
Project("{2150E333-8FDC-42A3-9474-1A3956D46DE8}") = "Domain", "Domain", "{68DE1F76-3364-4502-9572-ED18E3A8E874}"
EndProject
Project("{FAE04EC0-301F-11D3-BF4B-00C04F79EFBC}") = "OfficesAPI.Domain", "Backend\OfficesAPI\Domain\OfficesAPI.Domain.csproj", "{C39D89A4-7AAB-417C-BD18-5E38917A4581}"
EndProject
Project("{2150E333-8FDC-42A3-9474-1A3956D46DE8}") = "Infrastructure", "Infrastructure", "{C016DA98-A805-4AA5-AC43-2838B5548C64}"
EndProject
Project("{2150E333-8FDC-42A3-9474-1A3956D46DE8}") = "Presentation", "Presentation", "{CB28AD36-091B-41FD-A8C9-600003FED5D2}"
EndProject
Project("{2150E333-8FDC-42A3-9474-1A3956D46DE8}") = "Web", "Web", "{A73BDBF1-F165-45F8-9113-A43EA7C00D74}"
EndProject
Project("{FAE04EC0-301F-11D3-BF4B-00C04F79EFBC}") = "OfficesAPI.Web", "Backend\OfficesAPI\Web\OfficesAPI.Web.csproj", "{28D9975F-C82C-4731-A8B5-E21FD86327FA}"
EndProject
Project("{FAE04EC0-301F-11D3-BF4B-00C04F79EFBC}") = "OfficesAPI.Infrastructure", "Backend\OfficesAPI\Infrastructure\OfficesAPI.Infrastructure.csproj", "{6478AC05-07EF-4B9F-A4B8-ADB570EF729A}"
EndProject
Project("{FAE04EC0-301F-11D3-BF4B-00C04F79EFBC}") = "OfficesAPI.Application.Contracts", "Backend\OfficesAPI\Application.Contracts\OfficesAPI.Application.Contracts.csproj", "{748D77B9-04F8-4D2E-B3DB-CBE3AD92C720}"
EndProject
Project("{FAE04EC0-301F-11D3-BF4B-00C04F79EFBC}") = "OfficesAPI.Presentation", "Backend\OfficesAPI\Presentation\OfficesAPI.Presentation.csproj", "{1C7F2F38-7C08-4E71-87C9-174E9BFF689E}"
EndProject
Project("{2150E333-8FDC-42A3-9474-1A3956D46DE8}") = "Tests", "Tests", "{87EFC8EC-4C10-453F-A69D-5767A8F5F42A}"
EndProject
Project("{FAE04EC0-301F-11D3-BF4B-00C04F79EFBC}") = "OfficesAPI.Tests", "Backend\OfficesAPI\Tests\OfficesAPI.Tests.csproj", "{F84E9E08-DCAA-4D7E-93A5-4A38E150BED2}"
EndProject
Project("{FAE04EC0-301F-11D3-BF4B-00C04F79EFBC}") = "ServicesAPI.Domain", "Backend\ServicesAPI\Domain\ServicesAPI.Domain.csproj", "{5F06D939-F1A3-4B02-AF56-2051A545B4B5}"
EndProject
Project("{FAE04EC0-301F-11D3-BF4B-00C04F79EFBC}") = "ServicesAPI.Application.Contracts", "Backend\ServicesAPI\Application.Contracts\ServicesAPI.Application.Contracts.csproj", "{32B7606D-BC88-4359-85EE-85A51E835233}"
EndProject
Project("{FAE04EC0-301F-11D3-BF4B-00C04F79EFBC}") = "ServicesAPI.Application", "Backend\ServicesAPI\Application\ServicesAPI.Application.csproj", "{2A2F687A-3E94-4115-B094-4F1099926998}"
EndProject
Project("{FAE04EC0-301F-11D3-BF4B-00C04F79EFBC}") = "ServicesAPI.Infrastructure", "Backend\ServicesAPI\Infrastructure\ServicesAPI.Infrastructure.csproj", "{092FA46B-B3F4-4F2B-88A4-1C43E54CA871}"
EndProject
Project("{FAE04EC0-301F-11D3-BF4B-00C04F79EFBC}") = "ServicesAPI.Presentation", "Backend\ServicesAPI\Presentation\ServicesAPI.Presentation.csproj", "{B1CEBA14-B843-4077-8C01-3F905E811C91}"
EndProject
Global
	GlobalSection(SolutionConfigurationPlatforms) = preSolution
		Debug|Any CPU = Debug|Any CPU
		Release|Any CPU = Release|Any CPU
	EndGlobalSection
	GlobalSection(ProjectConfigurationPlatforms) = postSolution
		{DC81D6B8-3C4E-446D-93A2-CAB14A4024E5}.Debug|Any CPU.ActiveCfg = Debug|Any CPU
		{DC81D6B8-3C4E-446D-93A2-CAB14A4024E5}.Debug|Any CPU.Build.0 = Debug|Any CPU
		{DC81D6B8-3C4E-446D-93A2-CAB14A4024E5}.Release|Any CPU.ActiveCfg = Release|Any CPU
		{DC81D6B8-3C4E-446D-93A2-CAB14A4024E5}.Release|Any CPU.Build.0 = Release|Any CPU
		{C39D89A4-7AAB-417C-BD18-5E38917A4581}.Debug|Any CPU.ActiveCfg = Debug|Any CPU
		{C39D89A4-7AAB-417C-BD18-5E38917A4581}.Debug|Any CPU.Build.0 = Debug|Any CPU
		{C39D89A4-7AAB-417C-BD18-5E38917A4581}.Release|Any CPU.ActiveCfg = Release|Any CPU
		{C39D89A4-7AAB-417C-BD18-5E38917A4581}.Release|Any CPU.Build.0 = Release|Any CPU
		{28D9975F-C82C-4731-A8B5-E21FD86327FA}.Debug|Any CPU.ActiveCfg = Debug|Any CPU
		{28D9975F-C82C-4731-A8B5-E21FD86327FA}.Debug|Any CPU.Build.0 = Debug|Any CPU
		{28D9975F-C82C-4731-A8B5-E21FD86327FA}.Release|Any CPU.ActiveCfg = Release|Any CPU
		{28D9975F-C82C-4731-A8B5-E21FD86327FA}.Release|Any CPU.Build.0 = Release|Any CPU
		{6478AC05-07EF-4B9F-A4B8-ADB570EF729A}.Debug|Any CPU.ActiveCfg = Debug|Any CPU
		{6478AC05-07EF-4B9F-A4B8-ADB570EF729A}.Debug|Any CPU.Build.0 = Debug|Any CPU
		{6478AC05-07EF-4B9F-A4B8-ADB570EF729A}.Release|Any CPU.ActiveCfg = Release|Any CPU
		{6478AC05-07EF-4B9F-A4B8-ADB570EF729A}.Release|Any CPU.Build.0 = Release|Any CPU
		{748D77B9-04F8-4D2E-B3DB-CBE3AD92C720}.Debug|Any CPU.ActiveCfg = Debug|Any CPU
		{748D77B9-04F8-4D2E-B3DB-CBE3AD92C720}.Debug|Any CPU.Build.0 = Debug|Any CPU
		{748D77B9-04F8-4D2E-B3DB-CBE3AD92C720}.Release|Any CPU.ActiveCfg = Release|Any CPU
		{748D77B9-04F8-4D2E-B3DB-CBE3AD92C720}.Release|Any CPU.Build.0 = Release|Any CPU
		{1C7F2F38-7C08-4E71-87C9-174E9BFF689E}.Debug|Any CPU.ActiveCfg = Debug|Any CPU
		{1C7F2F38-7C08-4E71-87C9-174E9BFF689E}.Debug|Any CPU.Build.0 = Debug|Any CPU
		{1C7F2F38-7C08-4E71-87C9-174E9BFF689E}.Release|Any CPU.ActiveCfg = Release|Any CPU
		{1C7F2F38-7C08-4E71-87C9-174E9BFF689E}.Release|Any CPU.Build.0 = Release|Any CPU
		{F84E9E08-DCAA-4D7E-93A5-4A38E150BED2}.Debug|Any CPU.ActiveCfg = Debug|Any CPU
		{F84E9E08-DCAA-4D7E-93A5-4A38E150BED2}.Debug|Any CPU.Build.0 = Debug|Any CPU
		{F84E9E08-DCAA-4D7E-93A5-4A38E150BED2}.Release|Any CPU.ActiveCfg = Release|Any CPU
		{F84E9E08-DCAA-4D7E-93A5-4A38E150BED2}.Release|Any CPU.Build.0 = Release|Any CPU
		{5F06D939-F1A3-4B02-AF56-2051A545B4B5}.Debug|Any CPU.ActiveCfg = Debug|Any CPU
		{5F06D939-F1A3-4B02-AF56-2051A545B4B5}.Debug|Any CPU.Build.0 = Debug|Any CPU
		{5F06D939-F1A3-4B02-AF56-2051A545B4B5}.Release|Any CPU.ActiveCfg = Release|Any CPU
		{5F06D939-F1A3-4B02-AF56-2051A545B4B5}.Release|Any CPU.Build.0 = Release|Any CPU
		{32B7606D-BC88-4359-85EE-85A51E835233}.Debug|Any CPU.ActiveCfg = Debug|Any CPU
		{32B7606D-BC88-4359-85EE-85A51E835233}.Debug|Any CPU.Build.0 = Debug|Any CPU
		{32B7606D-BC88-4359-85EE-85A51E835233}.Release|Any CPU.ActiveCfg = Release|Any CPU
		{32B7606D-BC88-4359-85EE-85A51E835233}.Release|Any CPU.Build.0 = Release|Any CPU
		{2A2F687A-3E94-4115-B094-4F1099926998}.Debug|Any CPU.ActiveCfg = Debug|Any CPU
		{2A2F687A-3E94-4115-B094-4F1099926998}.Debug|Any CPU.Build.0 = Debug|Any CPU
		{2A2F687A-3E94-4115-B094-4F1099926998}.Release|Any CPU.ActiveCfg = Release|Any CPU
		{2A2F687A-3E94-4115-B094-4F1099926998}.Release|Any CPU.Build.0 = Release|Any CPU
		{092FA46B-B3F4-4F2B-88A4-1C43E54CA871}.Debug|Any CPU.ActiveCfg = Debug|Any CPU
		{092FA46B-B3F4-4F2B-88A4-1C43E54CA871}.Debug|Any CPU.Build.0 = Debug|Any CPU
		{092FA46B-B3F4-4F2B-88A4-1C43E54CA871}.Release|Any CPU.ActiveCfg = Release|Any CPU
		{092FA46B-B3F4-4F2B-88A4-1C43E54CA871}.Release|Any CPU.Build.0 = Release|Any CPU
		{B1CEBA14-B843-4077-8C01-3F905E811C91}.Debug|Any CPU.ActiveCfg = Debug|Any CPU
		{B1CEBA14-B843-4077-8C01-3F905E811C91}.Debug|Any CPU.Build.0 = Debug|Any CPU
		{B1CEBA14-B843-4077-8C01-3F905E811C91}.Release|Any CPU.ActiveCfg = Release|Any CPU
		{B1CEBA14-B843-4077-8C01-3F905E811C91}.Release|Any CPU.Build.0 = Release|Any CPU
	EndGlobalSection
	GlobalSection(SolutionProperties) = preSolution
		HideSolutionNode = FALSE
	EndGlobalSection
	GlobalSection(NestedProjects) = preSolution
		{DC81D6B8-3C4E-446D-93A2-CAB14A4024E5} = {290DFB35-CC8E-4CD2-9979-F4810742508E}
		{C39D89A4-7AAB-417C-BD18-5E38917A4581} = {68DE1F76-3364-4502-9572-ED18E3A8E874}
		{28D9975F-C82C-4731-A8B5-E21FD86327FA} = {A73BDBF1-F165-45F8-9113-A43EA7C00D74}
		{6478AC05-07EF-4B9F-A4B8-ADB570EF729A} = {C016DA98-A805-4AA5-AC43-2838B5548C64}
		{748D77B9-04F8-4D2E-B3DB-CBE3AD92C720} = {290DFB35-CC8E-4CD2-9979-F4810742508E}
		{1C7F2F38-7C08-4E71-87C9-174E9BFF689E} = {CB28AD36-091B-41FD-A8C9-600003FED5D2}
		{F84E9E08-DCAA-4D7E-93A5-4A38E150BED2} = {87EFC8EC-4C10-453F-A69D-5767A8F5F42A}
		{5F06D939-F1A3-4B02-AF56-2051A545B4B5} = {68DE1F76-3364-4502-9572-ED18E3A8E874}
		{32B7606D-BC88-4359-85EE-85A51E835233} = {290DFB35-CC8E-4CD2-9979-F4810742508E}
		{2A2F687A-3E94-4115-B094-4F1099926998} = {290DFB35-CC8E-4CD2-9979-F4810742508E}
		{092FA46B-B3F4-4F2B-88A4-1C43E54CA871} = {C016DA98-A805-4AA5-AC43-2838B5548C64}
		{B1CEBA14-B843-4077-8C01-3F905E811C91} = {CB28AD36-091B-41FD-A8C9-600003FED5D2}
	EndGlobalSection
EndGlobal
